
Microsoft Visual Studio Solution File, Format Version 12.00
# Visual Studio Version 17
VisualStudioVersion = 17.2.32616.157
MinimumVisualStudioVersion = 10.0.40219.1
Project("{888888A0-9F3D-457C-B088-3A5042F75D52}") = "HelloPythonWorld", "HelloPythonWorld\HelloPythonWorld.pyproj", "{6B24F163-9DDA-47FC-9F4C-624755C32EE6}"
EndProject
Global
	GlobalSection(SolutionConfigurationPlatforms) = preSolution
		Debug|Any CPU = Debug|Any CPU
		Release|Any CPU = Release|Any CPU
	EndGlobalSection
	GlobalSection(ProjectConfigurationPlatforms) = postSolution
		{6B24F163-9DDA-47FC-9F4C-624755C32EE6}.Debug|Any CPU.ActiveCfg = Debug|Any CPU
		{6B24F163-9DDA-47FC-9F4C-624755C32EE6}.Release|Any CPU.ActiveCfg = Release|Any CPU
	EndGlobalSection
	GlobalSection(SolutionProperties) = preSolution
		HideSolutionNode = FALSE
	EndGlobalSection
	GlobalSection(ExtensibilityGlobals) = postSolution
		SolutionGuid = {8BC82967-5739-4AED-9690-CDB541F7C168}
	EndGlobalSection
EndGlobal
